
Microsoft Visual Studio Solution File, Format Version 12.00
# Visual Studio Version 17
VisualStudioVersion = 17.0.32014.148
MinimumVisualStudioVersion = 10.0.40219.1
Project("{9A19103F-16F7-4668-BE54-9A1E7A4F7556}") = "ApiGamePlay", "ApiGamePlay\ApiGamePlay.csproj", "{822F4BE9-D26C-478B-AB08-4F2C31403CC0}"
EndProject
Project("{9A19103F-16F7-4668-BE54-9A1E7A4F7556}") = "ApiGamePlay.Domain", "ApiGamePlay.Domain\ApiGamePlay.Domain.csproj", "{43747551-F780-487C-BD92-40F49D233BAB}"
EndProject
Project("{9A19103F-16F7-4668-BE54-9A1E7A4F7556}") = "ApiGamePlay.Data", "ApiGamePlay.Data\ApiGamePlay.Data.csproj", "{B47CA9CE-92FA-4BAC-8024-B75DEBA1B844}"
EndProject
Project("{9A19103F-16F7-4668-BE54-9A1E7A4F7556}") = "ApiGamePlay.Shared", "ApiGamePlay.Shared\ApiGamePlay.Shared.csproj", "{50F57709-7362-4B8B-91CB-431AB51C14D8}"
EndProject
Project("{9A19103F-16F7-4668-BE54-9A1E7A4F7556}") = "ApiGamePlay.Application", "ApiGamePlay.Application\ApiGamePlay.Application.csproj", "{8F24D077-DF6B-4DFD-BF25-DD4E32E7B822}"
EndProject
Project("{2150E333-8FDC-42A3-9474-1A3956D46DE8}") = "6.0 - Tests", "6.0 - Tests", "{70CFE957-4C58-465E-A105-362B942AF82A}"
EndProject
Project("{2150E333-8FDC-42A3-9474-1A3956D46DE8}") = "1.0 - Presentation", "1.0 - Presentation", "{C4A5F046-E2F8-432A-AFF9-C23F9A69F500}"
EndProject
Project("{2150E333-8FDC-42A3-9474-1A3956D46DE8}") = "2.0 - Application", "2.0 - Application", "{2A4A59CE-11A7-42B4-86A2-0BE6CCD00BD3}"
EndProject
Project("{2150E333-8FDC-42A3-9474-1A3956D46DE8}") = "3.0 - Domain", "3.0 - Domain", "{B55A5704-398E-421C-A59D-C7BBA4663442}"
EndProject
Project("{2150E333-8FDC-42A3-9474-1A3956D46DE8}") = "4.0 - Data", "4.0 - Data", "{34ACB494-FB46-434E-BD25-82B74CEC646E}"
EndProject
Project("{2150E333-8FDC-42A3-9474-1A3956D46DE8}") = "5.0 - CrossCutting", "5.0 - CrossCutting", "{56894794-B6BF-4375-BF86-146B9AC1B67D}"
EndProject
Project("{9A19103F-16F7-4668-BE54-9A1E7A4F7556}") = "Presentation.Tests", "Presentation.Tests\Presentation.Tests.csproj", "{52A8433F-939F-40E2-B8C5-485A4D9D12FC}"
EndProject
Project("{FAE04EC0-301F-11D3-BF4B-00C04F79EFBC}") = "Application.Tests", "Application.Tests\Application.Tests.csproj", "{A82C322A-D6C1-411D-9871-692EC10F4535}"
EndProject
Global
	GlobalSection(SolutionConfigurationPlatforms) = preSolution
		Debug|Any CPU = Debug|Any CPU
		Release|Any CPU = Release|Any CPU
	EndGlobalSection
	GlobalSection(ProjectConfigurationPlatforms) = postSolution
		{822F4BE9-D26C-478B-AB08-4F2C31403CC0}.Debug|Any CPU.ActiveCfg = Debug|Any CPU
		{822F4BE9-D26C-478B-AB08-4F2C31403CC0}.Debug|Any CPU.Build.0 = Debug|Any CPU
		{822F4BE9-D26C-478B-AB08-4F2C31403CC0}.Release|Any CPU.ActiveCfg = Release|Any CPU
		{822F4BE9-D26C-478B-AB08-4F2C31403CC0}.Release|Any CPU.Build.0 = Release|Any CPU
		{43747551-F780-487C-BD92-40F49D233BAB}.Debug|Any CPU.ActiveCfg = Debug|Any CPU
		{43747551-F780-487C-BD92-40F49D233BAB}.Debug|Any CPU.Build.0 = Debug|Any CPU
		{43747551-F780-487C-BD92-40F49D233BAB}.Release|Any CPU.ActiveCfg = Release|Any CPU
		{43747551-F780-487C-BD92-40F49D233BAB}.Release|Any CPU.Build.0 = Release|Any CPU
		{B47CA9CE-92FA-4BAC-8024-B75DEBA1B844}.Debug|Any CPU.ActiveCfg = Debug|Any CPU
		{B47CA9CE-92FA-4BAC-8024-B75DEBA1B844}.Debug|Any CPU.Build.0 = Debug|Any CPU
		{B47CA9CE-92FA-4BAC-8024-B75DEBA1B844}.Release|Any CPU.ActiveCfg = Release|Any CPU
		{B47CA9CE-92FA-4BAC-8024-B75DEBA1B844}.Release|Any CPU.Build.0 = Release|Any CPU
		{50F57709-7362-4B8B-91CB-431AB51C14D8}.Debug|Any CPU.ActiveCfg = Debug|Any CPU
		{50F57709-7362-4B8B-91CB-431AB51C14D8}.Debug|Any CPU.Build.0 = Debug|Any CPU
		{50F57709-7362-4B8B-91CB-431AB51C14D8}.Release|Any CPU.ActiveCfg = Release|Any CPU
		{50F57709-7362-4B8B-91CB-431AB51C14D8}.Release|Any CPU.Build.0 = Release|Any CPU
		{8F24D077-DF6B-4DFD-BF25-DD4E32E7B822}.Debug|Any CPU.ActiveCfg = Debug|Any CPU
		{8F24D077-DF6B-4DFD-BF25-DD4E32E7B822}.Debug|Any CPU.Build.0 = Debug|Any CPU
		{8F24D077-DF6B-4DFD-BF25-DD4E32E7B822}.Release|Any CPU.ActiveCfg = Release|Any CPU
		{8F24D077-DF6B-4DFD-BF25-DD4E32E7B822}.Release|Any CPU.Build.0 = Release|Any CPU
		{52A8433F-939F-40E2-B8C5-485A4D9D12FC}.Debug|Any CPU.ActiveCfg = Debug|Any CPU
		{52A8433F-939F-40E2-B8C5-485A4D9D12FC}.Debug|Any CPU.Build.0 = Debug|Any CPU
		{52A8433F-939F-40E2-B8C5-485A4D9D12FC}.Release|Any CPU.ActiveCfg = Release|Any CPU
		{52A8433F-939F-40E2-B8C5-485A4D9D12FC}.Release|Any CPU.Build.0 = Release|Any CPU
		{A82C322A-D6C1-411D-9871-692EC10F4535}.Debug|Any CPU.ActiveCfg = Debug|Any CPU
		{A82C322A-D6C1-411D-9871-692EC10F4535}.Debug|Any CPU.Build.0 = Debug|Any CPU
		{A82C322A-D6C1-411D-9871-692EC10F4535}.Release|Any CPU.ActiveCfg = Release|Any CPU
		{A82C322A-D6C1-411D-9871-692EC10F4535}.Release|Any CPU.Build.0 = Release|Any CPU
	EndGlobalSection
	GlobalSection(SolutionProperties) = preSolution
		HideSolutionNode = FALSE
	EndGlobalSection
	GlobalSection(NestedProjects) = preSolution
		{822F4BE9-D26C-478B-AB08-4F2C31403CC0} = {C4A5F046-E2F8-432A-AFF9-C23F9A69F500}
		{43747551-F780-487C-BD92-40F49D233BAB} = {B55A5704-398E-421C-A59D-C7BBA4663442}
		{B47CA9CE-92FA-4BAC-8024-B75DEBA1B844} = {34ACB494-FB46-434E-BD25-82B74CEC646E}
		{50F57709-7362-4B8B-91CB-431AB51C14D8} = {56894794-B6BF-4375-BF86-146B9AC1B67D}
		{8F24D077-DF6B-4DFD-BF25-DD4E32E7B822} = {2A4A59CE-11A7-42B4-86A2-0BE6CCD00BD3}
		{52A8433F-939F-40E2-B8C5-485A4D9D12FC} = {70CFE957-4C58-465E-A105-362B942AF82A}
		{A82C322A-D6C1-411D-9871-692EC10F4535} = {70CFE957-4C58-465E-A105-362B942AF82A}
	EndGlobalSection
	GlobalSection(ExtensibilityGlobals) = postSolution
		SolutionGuid = {4D4B8C96-071B-42F5-BC28-10FEBA1E2354}
	EndGlobalSection
EndGlobal
